{
  "version": 4,
  "terraform_version": "0.12.21",
  "serial": 29,
  "lineage": "ce46e919-e2f6-d340-8ef0-5c611aae2a31",
  "outputs": {},
  "resources": [
    {
      "mode": "managed",
      "type": "aws_autoscaling_attachment",
      "name": "asg_attachment",
      "provider": "provider.aws",
      "instances": [
        {
          "schema_version": 0,
          "attributes": {
            "alb_target_group_arn": "arn:aws:elasticloadbalancing:us-east-2:047434116843:targetgroup/TargetGroup/df281ce0a5e01616",
            "autoscaling_group_name": "WebServers",
            "elb": "WebServerLBc",
            "id": "WebServers-20200309212835626200000003"
          },
          "private": "bnVsbA==",
          "dependencies": [
            "aws_autoscaling_group.WebServers",
            "aws_elb.WebServerLBc",
            "aws_iam_instance_profile.IAM_profile",
            "aws_iam_role.EC2role",
            "aws_launch_configuration.WebServers",
            "aws_lb_target_group.TargetGroup",
            "aws_security_group.WebServer"
          ]
        }
      ]
    },
    {
      "mode": "managed",
      "type": "aws_autoscaling_group",
      "name": "WebServers",
      "provider": "provider.aws",
      "instances": [
        {
          "schema_version": 0,
          "attributes": {
            "arn": "arn:aws:autoscaling:us-east-2:047434116843:autoScalingGroup:344ab288-cf72-4152-ab27-54f27eb3632e:autoScalingGroupName/WebServers",
            "availability_zones": [
              "us-east-2b"
            ],
            "default_cooldown": 300,
            "desired_capacity": 2,
            "enabled_metrics": null,
            "force_delete": false,
            "health_check_grace_period": 300,
            "health_check_type": "EC2",
            "id": "WebServers",
            "initial_lifecycle_hook": [],
            "launch_configuration": "WebServers_config",
            "launch_template": [],
            "load_balancers": [],
            "max_instance_lifetime": 0,
            "max_size": 4,
            "metrics_granularity": "1Minute",
            "min_elb_capacity": null,
            "min_size": 2,
            "mixed_instances_policy": [],
            "name": "WebServers",
            "name_prefix": null,
            "placement_group": "",
            "protect_from_scale_in": false,
            "service_linked_role_arn": "arn:aws:iam::047434116843:role/aws-service-role/autoscaling.amazonaws.com/AWSServiceRoleForAutoScaling",
            "suspended_processes": null,
            "tag": [
              {
                "key": "Name",
                "propagate_at_launch": true,
                "value": "WebServer"
              }
            ],
            "tags": null,
            "target_group_arns": [],
            "termination_policies": null,
            "timeouts": null,
            "vpc_zone_identifier": [],
            "wait_for_capacity_timeout": "10m",
            "wait_for_elb_capacity": null
          },
          "private": "eyJlMmJmYjczMC1lY2FhLTExZTYtOGY4OC0zNDM2M2JjN2M0YzAiOnsiZGVsZXRlIjo2MDAwMDAwMDAwMDB9fQ==",
          "dependencies": [
            "aws_iam_instance_profile.IAM_profile",
            "aws_iam_role.EC2role",
            "aws_launch_configuration.WebServers",
            "aws_security_group.WebServer"
          ]
        }
      ]
    },
    {
      "mode": "managed",
      "type": "aws_autoscaling_policy",
      "name": "Add_Policy",
      "provider": "provider.aws",
      "instances": [
        {
          "schema_version": 0,
          "attributes": {
            "adjustment_type": "ChangeInCapacity",
            "arn": "arn:aws:autoscaling:us-east-2:047434116843:scalingPolicy:abd8628a-0f61-42a2-9f1a-13d11aabdbc1:autoScalingGroupName/WebServers:policyName/Add_Policy",
            "autoscaling_group_name": "WebServers",
            "cooldown": 60,
            "estimated_instance_warmup": 0,
            "id": "Add_Policy",
            "metric_aggregation_type": "",
            "min_adjustment_magnitude": null,
            "min_adjustment_step": null,
            "name": "Add_Policy",
            "policy_type": "SimpleScaling",
            "scaling_adjustment": 1,
            "step_adjustment": [],
            "target_tracking_configuration": []
          },
          "private": "bnVsbA==",
          "dependencies": [
            "aws_autoscaling_group.WebServers",
            "aws_iam_instance_profile.IAM_profile",
            "aws_iam_role.EC2role",
            "aws_launch_configuration.WebServers",
            "aws_security_group.WebServer"
          ]
        }
      ]
    },
    {
      "mode": "managed",
      "type": "aws_autoscaling_policy",
      "name": "Del_Policy",
      "provider": "provider.aws",
      "instances": [
        {
          "schema_version": 0,
          "attributes": {
            "adjustment_type": "ChangeInCapacity",
            "arn": "arn:aws:autoscaling:us-east-2:047434116843:scalingPolicy:a3b56375-7d76-46c0-8244-2a908c93d9c1:autoScalingGroupName/WebServers:policyName/Del_Policy",
            "autoscaling_group_name": "WebServers",
            "cooldown": 60,
            "estimated_instance_warmup": 0,
            "id": "Del_Policy",
            "metric_aggregation_type": "",
            "min_adjustment_magnitude": null,
            "min_adjustment_step": null,
            "name": "Del_Policy",
            "policy_type": "SimpleScaling",
            "scaling_adjustment": -1,
            "step_adjustment": [],
            "target_tracking_configuration": []
          },
          "private": "bnVsbA==",
          "dependencies": [
            "aws_autoscaling_group.WebServers",
            "aws_iam_instance_profile.IAM_profile",
            "aws_iam_role.EC2role",
            "aws_launch_configuration.WebServers",
            "aws_security_group.WebServer"
          ]
        }
      ]
    },
    {
      "mode": "managed",
      "type": "aws_cloudwatch_metric_alarm",
      "name": "Add_alarm",
      "provider": "provider.aws",
      "instances": [
        {
          "schema_version": 1,
          "attributes": {
            "actions_enabled": true,
            "alarm_actions": [
              "arn:aws:autoscaling:us-east-2:047434116843:scalingPolicy:abd8628a-0f61-42a2-9f1a-13d11aabdbc1:autoScalingGroupName/WebServers:policyName/Add_Policy"
            ],
            "alarm_description": "Add_alarm",
            "alarm_name": "Add_alarm",
            "arn": "arn:aws:cloudwatch:us-east-2:047434116843:alarm:Add_alarm",
            "comparison_operator": "GreaterThanOrEqualToThreshold",
            "datapoints_to_alarm": 0,
            "dimensions": {
              "AutoScalingGroupName": "WebServers"
            },
            "evaluate_low_sample_count_percentiles": "",
            "evaluation_periods": 2,
            "extended_statistic": "",
            "id": "Add_alarm",
            "insufficient_data_actions": null,
            "metric_name": "CPUUtilization",
            "metric_query": [],
            "namespace": "AWS/EC2",
            "ok_actions": null,
            "period": 60,
            "statistic": "Average",
            "tags": null,
            "threshold": 40,
            "threshold_metric_id": "",
            "treat_missing_data": "missing",
            "unit": ""
          },
          "private": "eyJzY2hlbWFfdmVyc2lvbiI6IjEifQ==",
          "dependencies": [
            "aws_autoscaling_group.WebServers",
            "aws_autoscaling_policy.Add_Policy",
            "aws_iam_instance_profile.IAM_profile",
            "aws_iam_role.EC2role",
            "aws_launch_configuration.WebServers",
            "aws_security_group.WebServer"
          ]
        }
      ]
    },
    {
      "mode": "managed",
      "type": "aws_cloudwatch_metric_alarm",
      "name": "Del_alarm",
      "provider": "provider.aws",
      "instances": [
        {
          "schema_version": 1,
          "attributes": {
            "actions_enabled": true,
            "alarm_actions": [
              "arn:aws:autoscaling:us-east-2:047434116843:scalingPolicy:a3b56375-7d76-46c0-8244-2a908c93d9c1:autoScalingGroupName/WebServers:policyName/Del_Policy"
            ],
            "alarm_description": "",
            "alarm_name": "Del_alarm",
            "arn": "arn:aws:cloudwatch:us-east-2:047434116843:alarm:Del_alarm",
            "comparison_operator": "LessThanOrEqualToThreshold",
            "datapoints_to_alarm": 0,
            "dimensions": {
              "AutoScalingGroupName": "WebServers"
            },
            "evaluate_low_sample_count_percentiles": "",
            "evaluation_periods": 2,
            "extended_statistic": "",
            "id": "Del_alarm",
            "insufficient_data_actions": null,
            "metric_name": "CPUUtilization",
            "metric_query": [],
            "namespace": "AWS/EC2",
            "ok_actions": null,
            "period": 60,
            "statistic": "Average",
            "tags": null,
            "threshold": 10,
            "threshold_metric_id": "",
            "treat_missing_data": "missing",
            "unit": ""
          },
          "private": "eyJzY2hlbWFfdmVyc2lvbiI6IjEifQ==",
          "dependencies": [
            "aws_autoscaling_group.WebServers",
            "aws_autoscaling_policy.Del_Policy",
            "aws_iam_instance_profile.IAM_profile",
            "aws_iam_role.EC2role",
            "aws_launch_configuration.WebServers",
            "aws_security_group.WebServer"
          ]
        }
      ]
    },
    {
      "mode": "managed",
      "type": "aws_codedeploy_app",
      "name": "WebServer",
      "provider": "provider.aws",
      "instances": [
        {
          "schema_version": 0,
          "attributes": {
            "compute_platform": "Server",
            "id": "2d7763b7-fe32-4b9a-9813-159ed6ffad53:WebServer",
            "name": "WebServer",
            "unique_id": null
          },
          "private": "bnVsbA=="
        }
      ]
    },
    {
      "mode": "managed",
      "type": "aws_codedeploy_deployment_group",
      "name": "WebServer_group",
      "provider": "provider.aws",
      "instances": [
        {
          "schema_version": 0,
          "attributes": {
            "alarm_configuration": [],
            "app_name": "WebServer",
            "auto_rollback_configuration": [
              {
                "enabled": false,
                "events": [
                  "DEPLOYMENT_FAILURE"
                ]
              }
            ],
            "autoscaling_groups": [
              "WebServers"
            ],
            "blue_green_deployment_config": [],
            "deployment_config_name": "CodeDeployDefault.AllAtOnce",
            "deployment_group_name": "WebServers_group",
            "deployment_style": [
              {
                "deployment_option": "WITH_TRAFFIC_CONTROL",
                "deployment_type": "IN_PLACE"
              }
            ],
            "ec2_tag_filter": [],
            "ec2_tag_set": [
              {
                "ec2_tag_filter": [
                  {
                    "key": "Name",
                    "type": "KEY_AND_VALUE",
                    "value": "WebServer"
                  }
                ]
              }
            ],
            "ecs_service": [],
            "id": "e972b6a8-eba5-4618-961b-c75d8507ee47",
            "load_balancer_info": [
              {
                "elb_info": [],
                "target_group_info": [
                  {
                    "name": "TargetGroup"
                  }
                ],
                "target_group_pair_info": []
              }
            ],
            "on_premises_instance_tag_filter": [],
            "service_role_arn": "arn:aws:iam::047434116843:role/Codedeploy_role",
            "trigger_configuration": []
          },
          "private": "bnVsbA==",
          "dependencies": [
            "aws_autoscaling_group.WebServers",
            "aws_codedeploy_app.WebServer",
            "aws_iam_instance_profile.IAM_profile",
            "aws_iam_role.Codedeploy_role",
            "aws_iam_role.EC2role",
            "aws_launch_configuration.WebServers",
            "aws_lb_target_group.TargetGroup",
            "aws_security_group.WebServer"
          ]
        }
      ]
    },
    {
      "mode": "managed",
      "type": "aws_eip",
      "name": "IP",
      "provider": "provider.aws",
      "instances": [
        {
          "schema_version": 0,
          "attributes": {
            "allocation_id": null,
            "associate_with_private_ip": null,
            "association_id": "",
            "domain": "vpc",
            "id": "eipalloc-01002e1be03cac177",
            "instance": "",
            "network_interface": "",
            "private_dns": null,
            "private_ip": "",
            "public_dns": "ec2-3-17-90-20.us-east-2.compute.amazonaws.com",
            "public_ip": "3.17.90.20",
            "public_ipv4_pool": "amazon",
            "tags": null,
            "timeouts": null,
            "vpc": true
          },
          "private": "eyJlMmJmYjczMC1lY2FhLTExZTYtOGY4OC0zNDM2M2JjN2M0YzAiOnsiZGVsZXRlIjoxODAwMDAwMDAwMDAsInJlYWQiOjkwMDAwMDAwMDAwMCwidXBkYXRlIjozMDAwMDAwMDAwMDB9fQ=="
        }
      ]
    },
    {
      "mode": "managed",
      "type": "aws_elb",
      "name": "WebServerLBc",
      "provider": "provider.aws",
      "instances": [
        {
          "schema_version": 0,
          "attributes": {
            "access_logs": [],
            "arn": "arn:aws:elasticloadbalancing:us-east-2:047434116843:loadbalancer/WebServerLBc",
            "availability_zones": [
              "us-east-2b"
            ],
            "connection_draining": true,
            "connection_draining_timeout": 300,
            "cross_zone_load_balancing": true,
            "dns_name": "WebServerLBc-872606442.us-east-2.elb.amazonaws.com",
            "health_check": [
              {
                "healthy_threshold": 10,
                "interval": 5,
                "target": "HTTP:80/index.html",
                "timeout": 2,
                "unhealthy_threshold": 2
              }
            ],
            "id": "WebServerLBc",
            "idle_timeout": 300,
            "instances": [],
            "internal": false,
            "listener": [
              {
                "instance_port": 80,
                "instance_protocol": "http",
                "lb_port": 80,
                "lb_protocol": "http",
                "ssl_certificate_id": ""
              }
            ],
            "name": "WebServerLBc",
            "name_prefix": null,
            "security_groups": [
              "sg-0609767ee66aba8cc"
            ],
            "source_security_group": "047434116843/WebServer",
            "source_security_group_id": "sg-0609767ee66aba8cc",
            "subnets": [
              "subnet-d8d4f9a2"
            ],
            "tags": {
              "Name": "WebServerLBc"
            },
            "zone_id": "Z3AADJGX6KTTL2"
          },
          "private": "bnVsbA==",
          "dependencies": [
            "aws_security_group.WebServer"
          ]
        }
      ]
    },
    {
      "mode": "managed",
      "type": "aws_iam_instance_profile",
      "name": "IAM_profile",
      "provider": "provider.aws",
      "instances": [
        {
          "schema_version": 0,
          "attributes": {
            "arn": "arn:aws:iam::047434116843:instance-profile/IAM_profile",
            "create_date": "2020-03-09T21:27:31Z",
            "id": "IAM_profile",
            "name": "IAM_profile",
            "name_prefix": null,
            "path": "/",
            "role": "EC2role",
            "roles": [],
            "unique_id": "AIPAQWC2LF3VSWGUMQZZD"
          },
          "private": "bnVsbA==",
          "dependencies": [
            "aws_iam_role.EC2role"
          ]
        }
      ]
    },
    {
      "mode": "managed",
      "type": "aws_iam_policy",
      "name": "Codedeploy_policy",
      "provider": "provider.aws",
      "instances": [
        {
          "schema_version": 0,
          "attributes": {
            "arn": "arn:aws:iam::047434116843:policy/Codedeploy_policy",
            "description": "",
            "id": "arn:aws:iam::047434116843:policy/Codedeploy_policy",
            "name": "Codedeploy_policy",
            "name_prefix": null,
            "path": "/",
            "policy": "{\n      \"Version\": \"2012-10-17\",\n      \"Statement\": [\n          {\n              \"Effect\": \"Allow\",\n              \"Action\": [\n                  \"s3:*\",\n                  \"autoscaling:CompleteLifecycleAction\",\n                  \"autoscaling:DeleteLifecycleHook\",\n                  \"autoscaling:DescribeAutoScalingGroups\",\n                  \"autoscaling:DescribeLifecycleHooks\",\n                  \"autoscaling:PutLifecycleHook\",\n                  \"autoscaling:RecordLifecycleActionHeartbeat\",\n                  \"autoscaling:CreateAutoScalingGroup\",\n                  \"autoscaling:UpdateAutoScalingGroup\",\n                  \"autoscaling:EnableMetricsCollection\",\n                  \"autoscaling:DescribeAutoScalingGroups\",\n                  \"autoscaling:DescribePolicies\",\n                  \"autoscaling:DescribeScheduledActions\",\n                  \"autoscaling:DescribeNotificationConfigurations\",\n                  \"autoscaling:DescribeLifecycleHooks\",\n                  \"autoscaling:SuspendProcesses\",\n                  \"autoscaling:ResumeProcesses\",\n                  \"autoscaling:AttachLoadBalancers\",\n                  \"autoscaling:PutScalingPolicy\",\n                  \"autoscaling:PutScheduledUpdateGroupAction\",\n                  \"autoscaling:PutNotificationConfiguration\",\n                  \"autoscaling:PutLifecycleHook\",\n                  \"autoscaling:DescribeScalingActivities\",\n                  \"autoscaling:DeleteAutoScalingGroup\",\n                  \"ec2:DescribeInstances\",\n                  \"ec2:DescribeInstanceStatus\",\n                  \"ec2:TerminateInstances\",\n                  \"tag:GetResources\",\n                  \"sns:Publish\",\n                  \"cloudwatch:DescribeAlarms\",\n                  \"cloudwatch:PutMetricAlarm\",\n                  \"elasticloadbalancing:DescribeLoadBalancers\",\n                  \"elasticloadbalancing:DescribeInstanceHealth\",\n                  \"elasticloadbalancing:RegisterInstancesWithLoadBalancer\",\n                  \"elasticloadbalancing:DeregisterInstancesFromLoadBalancer\",\n                  \"elasticloadbalancing:DescribeTargetGroups\",\n                  \"elasticloadbalancing:DescribeTargetHealth\",\n                  \"elasticloadbalancing:RegisterTargets\",\n                  \"elasticloadbalancing:DeregisterTargets\"\n              ],\n              \"Resource\": \"*\"\n          }\n      ]\n}\n"
          },
          "private": "bnVsbA=="
        }
      ]
    },
    {
      "mode": "managed",
      "type": "aws_iam_policy",
      "name": "EC2policy",
      "provider": "provider.aws",
      "instances": [
        {
          "schema_version": 0,
          "attributes": {
            "arn": "arn:aws:iam::047434116843:policy/EC2policy",
            "description": "",
            "id": "arn:aws:iam::047434116843:policy/EC2policy",
            "name": "EC2policy",
            "name_prefix": null,
            "path": "/",
            "policy": "{\n      \"Version\": \"2012-10-17\",\n      \"Statement\": [\n          {\n              \"Action\": [\n                  \"s3:GetObject\",\n                  \"s3:GetObjectVersion\",\n                  \"s3:ListBucket\"\n              ],\n              \"Effect\": \"Allow\",\n              \"Resource\": \"*\"\n          }\n        ]\n}\n"
          },
          "private": "bnVsbA=="
        }
      ]
    },
    {
      "mode": "managed",
      "type": "aws_iam_role",
      "name": "Codedeploy_role",
      "provider": "provider.aws",
      "instances": [
        {
          "schema_version": 0,
          "attributes": {
            "arn": "arn:aws:iam::047434116843:role/Codedeploy_role",
            "assume_role_policy": "{\"Version\":\"2012-10-17\",\"Statement\":[{\"Sid\":\"\",\"Effect\":\"Allow\",\"Principal\":{\"Service\":\"codedeploy.amazonaws.com\"},\"Action\":\"sts:AssumeRole\"}]}",
            "create_date": "2020-03-09T21:27:31Z",
            "description": "",
            "force_detach_policies": false,
            "id": "Codedeploy_role",
            "max_session_duration": 3600,
            "name": "Codedeploy_role",
            "name_prefix": null,
            "path": "/",
            "permissions_boundary": null,
            "tags": null,
            "unique_id": "AROAQWC2LF3VUYNVZSQLN"
          },
          "private": "bnVsbA=="
        }
      ]
    },
    {
      "mode": "managed",
      "type": "aws_iam_role",
      "name": "EC2role",
      "provider": "provider.aws",
      "instances": [
        {
          "schema_version": 0,
          "attributes": {
            "arn": "arn:aws:iam::047434116843:role/EC2role",
            "assume_role_policy": "{\"Version\":\"2012-10-17\",\"Statement\":[{\"Sid\":\"\",\"Effect\":\"Allow\",\"Principal\":{\"Service\":\"ec2.amazonaws.com\"},\"Action\":\"sts:AssumeRole\"}]}",
            "create_date": "2020-03-09T21:27:31Z",
            "description": "",
            "force_detach_policies": false,
            "id": "EC2role",
            "max_session_duration": 3600,
            "name": "EC2role",
            "name_prefix": null,
            "path": "/",
            "permissions_boundary": null,
            "tags": null,
            "unique_id": "AROAQWC2LF3V43KQ5YEEN"
          },
          "private": "bnVsbA=="
        }
      ]
    },
    {
      "mode": "managed",
      "type": "aws_iam_role_policy_attachment",
      "name": "Codedeploy-attach",
      "provider": "provider.aws",
      "instances": [
        {
          "schema_version": 0,
          "attributes": {
            "id": "Codedeploy_role-20200309212731995800000002",
            "policy_arn": "arn:aws:iam::047434116843:policy/Codedeploy_policy",
            "role": "Codedeploy_role"
          },
          "private": "bnVsbA==",
          "dependencies": [
            "aws_iam_policy.Codedeploy_policy",
            "aws_iam_role.Codedeploy_role"
          ]
        }
      ]
    },
    {
      "mode": "managed",
      "type": "aws_iam_role_policy_attachment",
      "name": "EC2-attach",
      "provider": "provider.aws",
      "instances": [
        {
          "schema_version": 0,
          "attributes": {
            "id": "EC2role-20200309212731949700000001",
            "policy_arn": "arn:aws:iam::047434116843:policy/EC2policy",
            "role": "EC2role"
          },
          "private": "bnVsbA==",
          "dependencies": [
            "aws_iam_policy.EC2policy",
            "aws_iam_role.EC2role"
          ]
        }
      ]
    },
    {
      "mode": "managed",
      "type": "aws_instance",
      "name": "Ansible",
      "provider": "provider.aws",
      "instances": [
        {
          "schema_version": 1,
          "attributes": {
            "ami": "ami-0e38b48473ea57778",
            "arn": "arn:aws:ec2:us-east-2:047434116843:instance/i-0272361f875b3f2d9",
            "associate_public_ip_address": true,
            "availability_zone": "us-east-2b",
            "cpu_core_count": 1,
            "cpu_threads_per_core": 1,
            "credit_specification": [
              {
                "cpu_credits": "standard"
              }
            ],
            "disable_api_termination": false,
            "ebs_block_device": [],
            "ebs_optimized": false,
            "ephemeral_block_device": [],
            "get_password_data": false,
            "hibernation": false,
            "host_id": null,
            "iam_instance_profile": "",
            "id": "i-0272361f875b3f2d9",
            "instance_initiated_shutdown_behavior": null,
            "instance_state": "running",
            "instance_type": "t2.micro",
            "ipv6_address_count": 0,
            "ipv6_addresses": [],
            "key_name": "Oleg",
            "monitoring": false,
            "network_interface": [],
            "network_interface_id": null,
            "password_data": "",
            "placement_group": "",
            "primary_network_interface_id": "eni-0a0821210e3b432b4",
            "private_dns": "ip-172-31-18-126.us-east-2.compute.internal",
            "private_ip": "172.31.18.126",
            "public_dns": "ec2-3-17-146-64.us-east-2.compute.amazonaws.com",
            "public_ip": "3.17.146.64",
            "root_block_device": [
              {
                "delete_on_termination": true,
                "encrypted": false,
                "iops": 100,
                "kms_key_id": "",
                "volume_id": "vol-01a6506c5f2e6b1f9",
                "volume_size": 8,
                "volume_type": "gp2"
              }
            ],
            "security_groups": [
              "SSH security group"
            ],
            "source_dest_check": true,
            "subnet_id": "subnet-d8d4f9a2",
            "tags": {
              "Name": "Ansible"
            },
            "tenancy": "default",
            "timeouts": null,
            "user_data": null,
            "user_data_base64": null,
            "volume_tags": {},
            "vpc_security_group_ids": [
              "sg-0b0acb28a0696c304"
            ]
          },
          "private": "eyJlMmJmYjczMC1lY2FhLTExZTYtOGY4OC0zNDM2M2JjN2M0YzAiOnsiY3JlYXRlIjo2MDAwMDAwMDAwMDAsImRlbGV0ZSI6MTIwMDAwMDAwMDAwMCwidXBkYXRlIjo2MDAwMDAwMDAwMDB9LCJzY2hlbWFfdmVyc2lvbiI6IjEifQ==",
          "dependencies": [
            "aws_security_group.SSH"
          ]
        }
      ]
    },
    {
      "mode": "managed",
      "type": "aws_instance",
      "name": "Jenkins",
      "provider": "provider.aws",
      "instances": [
        {
          "schema_version": 1,
          "attributes": {
            "ami": "ami-0e38b48473ea57778",
            "arn": "arn:aws:ec2:us-east-2:047434116843:instance/i-0fccd1774d725f691",
            "associate_public_ip_address": true,
            "availability_zone": "us-east-2b",
            "cpu_core_count": 1,
            "cpu_threads_per_core": 1,
            "credit_specification": [
              {
                "cpu_credits": "standard"
              }
            ],
            "disable_api_termination": false,
            "ebs_block_device": [],
            "ebs_optimized": false,
            "ephemeral_block_device": [],
            "get_password_data": false,
            "hibernation": false,
            "host_id": null,
            "iam_instance_profile": "",
            "id": "i-0fccd1774d725f691",
            "instance_initiated_shutdown_behavior": null,
            "instance_state": "running",
            "instance_type": "t2.micro",
            "ipv6_address_count": 0,
            "ipv6_addresses": [],
            "key_name": "Oleg",
            "monitoring": false,
            "network_interface": [],
            "network_interface_id": null,
            "password_data": "",
            "placement_group": "",
            "primary_network_interface_id": "eni-0a2929c09d2eca4bd",
            "private_dns": "ip-172-31-18-182.us-east-2.compute.internal",
            "private_ip": "172.31.18.182",
            "public_dns": "ec2-3-15-154-101.us-east-2.compute.amazonaws.com",
            "public_ip": "3.15.154.101",
            "root_block_device": [
              {
                "delete_on_termination": true,
                "encrypted": false,
                "iops": 100,
                "kms_key_id": "",
                "volume_id": "vol-0f3dacc0eeba2ae20",
                "volume_size": 8,
                "volume_type": "gp2"
              }
            ],
            "security_groups": [
              "Jenkins 8080 22 security group"
            ],
            "source_dest_check": true,
            "subnet_id": "subnet-d8d4f9a2",
            "tags": {
              "Name": "Jenkins"
            },
            "tenancy": "default",
            "timeouts": null,
            "user_data": null,
            "user_data_base64": null,
            "volume_tags": {},
            "vpc_security_group_ids": [
              "sg-08d62f70ad4ef7ffc"
            ]
          },
          "private": "eyJlMmJmYjczMC1lY2FhLTExZTYtOGY4OC0zNDM2M2JjN2M0YzAiOnsiY3JlYXRlIjo2MDAwMDAwMDAwMDAsImRlbGV0ZSI6MTIwMDAwMDAwMDAwMCwidXBkYXRlIjo2MDAwMDAwMDAwMDB9LCJzY2hlbWFfdmVyc2lvbiI6IjEifQ==",
          "dependencies": [
            "aws_security_group.Jenkins"
          ]
        }
      ]
    },
    {
      "mode": "managed",
      "type": "aws_instance",
      "name": "Terraform",
      "provider": "provider.aws",
      "instances": [
        {
          "schema_version": 1,
          "attributes": {
            "ami": "ami-0e38b48473ea57778",
            "arn": "arn:aws:ec2:us-east-2:047434116843:instance/i-00b2b547b7dd4bbc5",
            "associate_public_ip_address": true,
            "availability_zone": "us-east-2b",
            "cpu_core_count": 1,
            "cpu_threads_per_core": 1,
            "credit_specification": [
              {
                "cpu_credits": "standard"
              }
            ],
            "disable_api_termination": false,
            "ebs_block_device": [],
            "ebs_optimized": false,
            "ephemeral_block_device": [],
            "get_password_data": false,
            "hibernation": false,
            "host_id": null,
            "iam_instance_profile": "",
            "id": "i-00b2b547b7dd4bbc5",
            "instance_initiated_shutdown_behavior": null,
            "instance_state": "running",
            "instance_type": "t2.micro",
            "ipv6_address_count": 0,
            "ipv6_addresses": [],
            "key_name": "Oleg",
            "monitoring": false,
            "network_interface": [],
            "network_interface_id": null,
            "password_data": "",
            "placement_group": "",
            "primary_network_interface_id": "eni-02e9df8b6d7fc80a6",
            "private_dns": "ip-172-31-18-223.us-east-2.compute.internal",
            "private_ip": "172.31.18.223",
            "public_dns": "ec2-52-15-130-235.us-east-2.compute.amazonaws.com",
            "public_ip": "52.15.130.235",
            "root_block_device": [
              {
                "delete_on_termination": true,
                "encrypted": false,
                "iops": 100,
                "kms_key_id": "",
                "volume_id": "vol-0f062cc1e7a657cff",
                "volume_size": 8,
                "volume_type": "gp2"
              }
            ],
            "security_groups": [
              "SSH security group"
            ],
            "source_dest_check": true,
            "subnet_id": "subnet-d8d4f9a2",
            "tags": {
              "Name": "Terraform"
            },
            "tenancy": "default",
            "timeouts": null,
            "user_data": null,
            "user_data_base64": null,
            "volume_tags": {},
            "vpc_security_group_ids": [
              "sg-0b0acb28a0696c304"
            ]
          },
          "private": "eyJlMmJmYjczMC1lY2FhLTExZTYtOGY4OC0zNDM2M2JjN2M0YzAiOnsiY3JlYXRlIjo2MDAwMDAwMDAwMDAsImRlbGV0ZSI6MTIwMDAwMDAwMDAwMCwidXBkYXRlIjo2MDAwMDAwMDAwMDB9LCJzY2hlbWFfdmVyc2lvbiI6IjEifQ==",
          "dependencies": [
            "aws_security_group.SSH"
          ]
        }
      ]
    },
    {
      "mode": "managed",
      "type": "aws_launch_configuration",
      "name": "WebServers",
      "provider": "provider.aws",
      "instances": [
        {
          "schema_version": 0,
          "attributes": {
            "arn": "arn:aws:autoscaling:us-east-2:047434116843:launchConfiguration:6c3f2086-a6a5-4a12-a072-7ba49be2c0bf:launchConfigurationName/WebServers_config",
            "associate_public_ip_address": false,
            "ebs_block_device": [],
            "ebs_optimized": false,
            "enable_monitoring": true,
            "ephemeral_block_device": [],
            "iam_instance_profile": "IAM_profile",
            "id": "WebServers_config",
            "image_id": "ami-0e38b48473ea57778",
            "instance_type": "t2.micro",
            "key_name": "Oleg",
            "name": "WebServers_config",
            "name_prefix": null,
            "placement_tenancy": null,
            "root_block_device": [],
            "security_groups": [
              "sg-0609767ee66aba8cc"
            ],
            "spot_price": "",
            "user_data": "73fcaaea7a12efb425a9d9d07f99e955d1d4e96a",
            "user_data_base64": null,
            "vpc_classic_link_id": "",
            "vpc_classic_link_security_groups": null
          },
          "private": "bnVsbA==",
          "dependencies": [
            "aws_iam_instance_profile.IAM_profile",
            "aws_iam_role.EC2role",
            "aws_security_group.WebServer"
          ]
        }
      ]
    },
    {
      "mode": "managed",
      "type": "aws_lb",
      "name": "WebServerLB",
      "provider": "provider.aws",
      "instances": [
        {
          "schema_version": 0,
          "attributes": {
            "access_logs": [
              {
                "bucket": "",
                "enabled": false,
                "prefix": ""
              }
            ],
            "arn": "arn:aws:elasticloadbalancing:us-east-2:047434116843:loadbalancer/net/WebServerLB/c715df1e37a6534c",
            "arn_suffix": "net/WebServerLB/c715df1e37a6534c",
            "dns_name": "WebServerLB-c715df1e37a6534c.elb.us-east-2.amazonaws.com",
            "enable_cross_zone_load_balancing": false,
            "enable_deletion_protection": false,
            "enable_http2": null,
            "id": "arn:aws:elasticloadbalancing:us-east-2:047434116843:loadbalancer/net/WebServerLB/c715df1e37a6534c",
            "idle_timeout": null,
            "internal": false,
            "ip_address_type": "ipv4",
            "load_balancer_type": "network",
            "name": "WebServerLB",
            "name_prefix": null,
            "security_groups": [],
            "subnet_mapping": [
              {
                "allocation_id": "eipalloc-01002e1be03cac177",
                "subnet_id": "subnet-d8d4f9a2"
              }
            ],
            "subnets": [
              "subnet-d8d4f9a2"
            ],
            "tags": null,
            "timeouts": null,
            "vpc_id": "vpc-7de92616",
            "zone_id": "ZLMOA37VPKANP"
          },
          "private": "eyJlMmJmYjczMC1lY2FhLTExZTYtOGY4OC0zNDM2M2JjN2M0YzAiOnsiY3JlYXRlIjo2MDAwMDAwMDAwMDAsImRlbGV0ZSI6NjAwMDAwMDAwMDAwLCJ1cGRhdGUiOjYwMDAwMDAwMDAwMH19",
          "dependencies": [
            "aws_eip.IP"
          ]
        }
      ]
    },
    {
      "mode": "managed",
      "type": "aws_lb_listener",
      "name": "LBlistener",
      "provider": "provider.aws",
      "instances": [
        {
          "schema_version": 0,
          "attributes": {
            "arn": "arn:aws:elasticloadbalancing:us-east-2:047434116843:listener/net/WebServerLB/c715df1e37a6534c/6e99c4c3418d9918",
            "certificate_arn": null,
            "default_action": [
              {
                "authenticate_cognito": [],
                "authenticate_oidc": [],
                "fixed_response": [],
                "order": 1,
                "redirect": [],
                "target_group_arn": "arn:aws:elasticloadbalancing:us-east-2:047434116843:targetgroup/TargetGroup/df281ce0a5e01616",
                "type": "forward"
              }
            ],
            "id": "arn:aws:elasticloadbalancing:us-east-2:047434116843:listener/net/WebServerLB/c715df1e37a6534c/6e99c4c3418d9918",
            "load_balancer_arn": "arn:aws:elasticloadbalancing:us-east-2:047434116843:loadbalancer/net/WebServerLB/c715df1e37a6534c",
            "port": 80,
            "protocol": "TCP",
            "ssl_policy": "",
            "timeouts": null
          },
          "private": "eyJlMmJmYjczMC1lY2FhLTExZTYtOGY4OC0zNDM2M2JjN2M0YzAiOnsicmVhZCI6NjAwMDAwMDAwMDAwfX0=",
          "dependencies": [
            "aws_eip.IP",
            "aws_lb.WebServerLB",
            "aws_lb_target_group.TargetGroup"
          ]
        }
      ]
    },
    {
      "mode": "managed",
      "type": "aws_lb_target_group",
      "name": "TargetGroup",
      "provider": "provider.aws",
      "instances": [
        {
          "schema_version": 0,
          "attributes": {
            "arn": "arn:aws:elasticloadbalancing:us-east-2:047434116843:targetgroup/TargetGroup/df281ce0a5e01616",
            "arn_suffix": "targetgroup/TargetGroup/df281ce0a5e01616",
            "deregistration_delay": 300,
            "health_check": [
              {
                "enabled": true,
                "healthy_threshold": 3,
                "interval": 30,
                "matcher": "",
                "path": "",
                "port": "traffic-port",
                "protocol": "TCP",
                "timeout": 10,
                "unhealthy_threshold": 3
              }
            ],
            "id": "arn:aws:elasticloadbalancing:us-east-2:047434116843:targetgroup/TargetGroup/df281ce0a5e01616",
            "lambda_multi_value_headers_enabled": false,
            "load_balancing_algorithm_type": null,
            "name": "TargetGroup",
            "name_prefix": null,
            "port": 80,
            "protocol": "TCP",
            "proxy_protocol_v2": false,
            "slow_start": 0,
            "stickiness": [],
            "tags": null,
            "target_type": "instance",
            "vpc_id": "vpc-7de92616"
          },
          "private": "bnVsbA=="
        }
      ]
    },
    {
      "mode": "managed",
      "type": "aws_s3_bucket",
      "name": "WebServers",
      "provider": "provider.aws",
      "instances": [
        {
          "schema_version": 0,
          "attributes": {
            "acceleration_status": "",
            "acl": "private",
            "arn": "arn:aws:s3:::ole-epam-project",
            "bucket": "ole-epam-project",
            "bucket_domain_name": "ole-epam-project.s3.amazonaws.com",
            "bucket_prefix": null,
            "bucket_regional_domain_name": "ole-epam-project.s3.us-east-2.amazonaws.com",
            "cors_rule": [],
            "force_destroy": false,
            "grant": [],
            "hosted_zone_id": "Z2O1EMRO9K5GLX",
            "id": "ole-epam-project",
            "lifecycle_rule": [],
            "logging": [],
            "object_lock_configuration": [],
            "policy": null,
            "region": "us-east-2",
            "replication_configuration": [],
            "request_payer": "BucketOwner",
            "server_side_encryption_configuration": [],
            "tags": {
              "Name": "ole-epam-project"
            },
            "versioning": [
              {
                "enabled": true,
                "mfa_delete": false
              }
            ],
            "website": [],
            "website_domain": null,
            "website_endpoint": null
          },
          "private": "bnVsbA=="
        }
      ]
    },
    {
      "mode": "managed",
      "type": "aws_security_group",
      "name": "Jenkins",
      "provider": "provider.aws",
      "instances": [
        {
          "schema_version": 1,
          "attributes": {
            "arn": "arn:aws:ec2:us-east-2:047434116843:security-group/sg-08d62f70ad4ef7ffc",
            "description": "Security group for jenkins master",
            "egress": [
              {
                "cidr_blocks": [
                  "0.0.0.0/0"
                ],
                "description": "",
                "from_port": 0,
                "ipv6_cidr_blocks": [],
                "prefix_list_ids": [],
                "protocol": "-1",
                "security_groups": [],
                "self": false,
                "to_port": 0
              }
            ],
            "id": "sg-08d62f70ad4ef7ffc",
            "ingress": [
              {
                "cidr_blocks": [
                  "0.0.0.0/0"
                ],
                "description": "",
                "from_port": 22,
                "ipv6_cidr_blocks": [],
                "prefix_list_ids": [],
                "protocol": "tcp",
                "security_groups": [],
                "self": false,
                "to_port": 22
              },
              {
                "cidr_blocks": [
                  "0.0.0.0/0"
                ],
                "description": "",
                "from_port": 8080,
                "ipv6_cidr_blocks": [],
                "prefix_list_ids": [],
                "protocol": "tcp",
                "security_groups": [],
                "self": false,
                "to_port": 8080
              }
            ],
            "name": "Jenkins 8080 22 security group",
            "name_prefix": null,
            "owner_id": "047434116843",
            "revoke_rules_on_delete": false,
            "tags": null,
            "timeouts": null,
            "vpc_id": "vpc-7de92616"
          },
          "private": "eyJlMmJmYjczMC1lY2FhLTExZTYtOGY4OC0zNDM2M2JjN2M0YzAiOnsiY3JlYXRlIjo2MDAwMDAwMDAwMDAsImRlbGV0ZSI6NjAwMDAwMDAwMDAwfSwic2NoZW1hX3ZlcnNpb24iOiIxIn0="
        }
      ]
    },
    {
      "mode": "managed",
      "type": "aws_security_group",
      "name": "SSH",
      "provider": "provider.aws",
      "instances": [
        {
          "schema_version": 1,
          "attributes": {
            "arn": "arn:aws:ec2:us-east-2:047434116843:security-group/sg-0b0acb28a0696c304",
            "description": "Security group using ssh",
            "egress": [
              {
                "cidr_blocks": [
                  "0.0.0.0/0"
                ],
                "description": "",
                "from_port": 0,
                "ipv6_cidr_blocks": [],
                "prefix_list_ids": [],
                "protocol": "-1",
                "security_groups": [],
                "self": false,
                "to_port": 0
              }
            ],
            "id": "sg-0b0acb28a0696c304",
            "ingress": [
              {
                "cidr_blocks": [
                  "0.0.0.0/0"
                ],
                "description": "",
                "from_port": 22,
                "ipv6_cidr_blocks": [],
                "prefix_list_ids": [],
                "protocol": "tcp",
                "security_groups": [],
                "self": false,
                "to_port": 22
              }
            ],
            "name": "SSH security group",
            "name_prefix": null,
            "owner_id": "047434116843",
            "revoke_rules_on_delete": false,
            "tags": null,
            "timeouts": null,
            "vpc_id": "vpc-7de92616"
          },
          "private": "eyJlMmJmYjczMC1lY2FhLTExZTYtOGY4OC0zNDM2M2JjN2M0YzAiOnsiY3JlYXRlIjo2MDAwMDAwMDAwMDAsImRlbGV0ZSI6NjAwMDAwMDAwMDAwfSwic2NoZW1hX3ZlcnNpb24iOiIxIn0="
        }
      ]
    },
    {
      "mode": "managed",
      "type": "aws_security_group",
      "name": "WebServer",
      "provider": "provider.aws",
      "instances": [
        {
          "schema_version": 1,
          "attributes": {
            "arn": "arn:aws:ec2:us-east-2:047434116843:security-group/sg-0609767ee66aba8cc",
            "description": "Managed by Terraform",
            "egress": [
              {
                "cidr_blocks": [
                  "0.0.0.0/0"
                ],
                "description": "",
                "from_port": 0,
                "ipv6_cidr_blocks": [],
                "prefix_list_ids": [],
                "protocol": "-1",
                "security_groups": [],
                "self": false,
                "to_port": 0
              }
            ],
            "id": "sg-0609767ee66aba8cc",
            "ingress": [
              {
                "cidr_blocks": [
                  "0.0.0.0/0"
                ],
                "description": "",
                "from_port": 22,
                "ipv6_cidr_blocks": [],
                "prefix_list_ids": [],
                "protocol": "tcp",
                "security_groups": [],
                "self": false,
                "to_port": 22
              },
              {
                "cidr_blocks": [
                  "0.0.0.0/0"
                ],
                "description": "",
                "from_port": 443,
                "ipv6_cidr_blocks": [],
                "prefix_list_ids": [],
                "protocol": "tcp",
                "security_groups": [],
                "self": false,
                "to_port": 443
              },
              {
                "cidr_blocks": [
                  "0.0.0.0/0"
                ],
                "description": "",
                "from_port": 8080,
                "ipv6_cidr_blocks": [],
                "prefix_list_ids": [],
                "protocol": "tcp",
                "security_groups": [],
                "self": false,
                "to_port": 8080
              },
              {
                "cidr_blocks": [
                  "0.0.0.0/0"
                ],
                "description": "",
                "from_port": 80,
                "ipv6_cidr_blocks": [],
                "prefix_list_ids": [],
                "protocol": "tcp",
                "security_groups": [],
                "self": false,
                "to_port": 80
              }
            ],
            "name": "WebServer",
            "name_prefix": null,
            "owner_id": "047434116843",
            "revoke_rules_on_delete": false,
            "tags": null,
            "timeouts": null,
            "vpc_id": "vpc-7de92616"
          },
          "private": "eyJlMmJmYjczMC1lY2FhLTExZTYtOGY4OC0zNDM2M2JjN2M0YzAiOnsiY3JlYXRlIjo2MDAwMDAwMDAwMDAsImRlbGV0ZSI6NjAwMDAwMDAwMDAwfSwic2NoZW1hX3ZlcnNpb24iOiIxIn0="
        }
      ]
    }
  ]
}
